
Microsoft Visual Studio Solution File, Format Version 12.00
# Visual Studio 15
VisualStudioVersion = 15.0.27428.2037
MinimumVisualStudioVersion = 10.0.40219.1
Project("{FAE04EC0-301F-11D3-BF4B-00C04F79EFBC}") = "Quotifier", "Quotifier\Quotifier.csproj", "{A6E1E4DD-F727-4074-BB7F-A2FA6686AFCE}"
EndProject
Project("{2150E333-8FDC-42A3-9474-1A3956D46DE8}") = "Solution Items", "Solution Items", "{52B7844F-3C65-4ECD-9BC8-8564A060E117}"
	ProjectSection(SolutionItems) = preProject
		CHANGELOG.md = CHANGELOG.md
		README.md = README.md
	EndProjectSection
EndProject
Project("{2150E333-8FDC-42A3-9474-1A3956D46DE8}") = "vsix", "vsix", "{8B387ED3-F499-4151-B9C7-948DAEF11BF4}"
	ProjectSection(SolutionItems) = preProject
		Quotifier\bin\Release\Quotifier.vsix = Quotifier\bin\Release\Quotifier.vsix
	EndProjectSection
EndProject
Global
	GlobalSection(SolutionConfigurationPlatforms) = preSolution
		Debug|Any CPU = Debug|Any CPU
		Release|Any CPU = Release|Any CPU
	EndGlobalSection
	GlobalSection(ProjectConfigurationPlatforms) = postSolution
		{A6E1E4DD-F727-4074-BB7F-A2FA6686AFCE}.Debug|Any CPU.ActiveCfg = Debug|Any CPU
		{A6E1E4DD-F727-4074-BB7F-A2FA6686AFCE}.Debug|Any CPU.Build.0 = Debug|Any CPU
		{A6E1E4DD-F727-4074-BB7F-A2FA6686AFCE}.Release|Any CPU.ActiveCfg = Release|Any CPU
		{A6E1E4DD-F727-4074-BB7F-A2FA6686AFCE}.Release|Any CPU.Build.0 = Release|Any CPU
	EndGlobalSection
	GlobalSection(SolutionProperties) = preSolution
		HideSolutionNode = FALSE
	EndGlobalSection
	GlobalSection(ExtensibilityGlobals) = postSolution
		SolutionGuid = {6F4E2CBB-FD09-40FD-958F-D4EA949CDBC5}
	EndGlobalSection
EndGlobal
